id: WritingGNURadioBlocks_Modulator
label: Modulator
category: '[WritingGNURadioBlocks]'

templates:
  imports: import WritingGNURadioBlocks
  make: WritingGNURadioBlocks.Modulator()

inputs:
- domain: stream
  dtype: byte
  vlen: 1

outputs:
- domain: stream
  dtype: complex
  vlen: 1

file_format: 1
