id: WritingGNURadioBlocks_Demodulator
label: Demodulator
category: '[WritingGNURadioBlocks]'

templates:
  imports: import WritingGNURadioBlocks
  make: WritingGNURadioBlocks.Demodulator()

inputs:
- domain: stream
  dtype: complex
  vlen: 1

outputs:
- domain: stream
  dtype: byte
  vlen: 1

file_format: 1
